Microsoft Visual Studio Solution File, Format Version 12.00
# Visual Studio Version 16
VisualStudioVersion = 16.0.0.0
MinimumVisualStudioVersion = 16.0.0.0
Project("{9A19103F-16F7-4668-BE54-9A1E7A4F7556}") = "Proyecto-LP4.Server", "Server\Proyecto-LP4.Server.csproj", "{AB1BEBEC-EEBF-41CB-AEBE-FF41C067DED1}"
EndProject
Project("{9A19103F-16F7-4668-BE54-9A1E7A4F7556}") = "Proyecto-LP4.Client", "Client\Proyecto-LP4.Client.csproj", "{75FD2ED3-F266-413A-A8AF-617FA76496D3}"
EndProject
Project("{9A19103F-16F7-4668-BE54-9A1E7A4F7556}") = "Proyecto-LP4.Shared", "Shared\Proyecto-LP4.Shared.csproj", "{50550693-A3F6-4041-9B2D-AFA873A4B149}"
EndProject
Global
	GlobalSection(SolutionConfigurationPlatforms) = preSolution
		Debug|Any CPU = Debug|Any CPU
		Debug|x64 = Debug|x64
		Debug|x86 = Debug|x86
		Release|Any CPU = Release|Any CPU
		Release|x64 = Release|x64
		Release|x86 = Release|x86
	EndGlobalSection
	GlobalSection(ProjectConfigurationPlatforms) = postSolution
		{75FD2ED3-F266-413A-A8AF-617FA76496D3}.Debug|Any CPU.ActiveCfg = Debug|Any CPU
		{75FD2ED3-F266-413A-A8AF-617FA76496D3}.Debug|Any CPU.Build.0 = Debug|Any CPU
		{75FD2ED3-F266-413A-A8AF-617FA76496D3}.Debug|x64.ActiveCfg = Debug|Any CPU
		{75FD2ED3-F266-413A-A8AF-617FA76496D3}.Debug|x64.Build.0 = Debug|Any CPU
		{75FD2ED3-F266-413A-A8AF-617FA76496D3}.Debug|x86.ActiveCfg = Debug|Any CPU
		{75FD2ED3-F266-413A-A8AF-617FA76496D3}.Debug|x86.Build.0 = Debug|Any CPU
		{75FD2ED3-F266-413A-A8AF-617FA76496D3}.Release|Any CPU.ActiveCfg = Release|Any CPU
		{75FD2ED3-F266-413A-A8AF-617FA76496D3}.Release|Any CPU.Build.0 = Release|Any CPU
		{75FD2ED3-F266-413A-A8AF-617FA76496D3}.Release|x64.ActiveCfg = Release|Any CPU
		{75FD2ED3-F266-413A-A8AF-617FA76496D3}.Release|x64.Build.0 = Release|Any CPU
		{75FD2ED3-F266-413A-A8AF-617FA76496D3}.Release|x86.ActiveCfg = Release|Any CPU
		{75FD2ED3-F266-413A-A8AF-617FA76496D3}.Release|x86.Build.0 = Release|Any CPU
		{AB1BEBEC-EEBF-41CB-AEBE-FF41C067DED1}.Debug|Any CPU.ActiveCfg = Debug|Any CPU
		{AB1BEBEC-EEBF-41CB-AEBE-FF41C067DED1}.Debug|Any CPU.Build.0 = Debug|Any CPU
		{AB1BEBEC-EEBF-41CB-AEBE-FF41C067DED1}.Debug|x64.ActiveCfg = Debug|Any CPU
		{AB1BEBEC-EEBF-41CB-AEBE-FF41C067DED1}.Debug|x64.Build.0 = Debug|Any CPU
		{AB1BEBEC-EEBF-41CB-AEBE-FF41C067DED1}.Debug|x86.ActiveCfg = Debug|Any CPU
		{AB1BEBEC-EEBF-41CB-AEBE-FF41C067DED1}.Debug|x86.Build.0 = Debug|Any CPU
		{AB1BEBEC-EEBF-41CB-AEBE-FF41C067DED1}.Release|Any CPU.ActiveCfg = Release|Any CPU
		{AB1BEBEC-EEBF-41CB-AEBE-FF41C067DED1}.Release|Any CPU.Build.0 = Release|Any CPU
		{AB1BEBEC-EEBF-41CB-AEBE-FF41C067DED1}.Release|x64.ActiveCfg = Release|Any CPU
		{AB1BEBEC-EEBF-41CB-AEBE-FF41C067DED1}.Release|x64.Build.0 = Release|Any CPU
		{AB1BEBEC-EEBF-41CB-AEBE-FF41C067DED1}.Release|x86.ActiveCfg = Release|Any CPU
		{AB1BEBEC-EEBF-41CB-AEBE-FF41C067DED1}.Release|x86.Build.0 = Release|Any CPU
		{50550693-A3F6-4041-9B2D-AFA873A4B149}.Debug|Any CPU.ActiveCfg = Debug|Any CPU
		{50550693-A3F6-4041-9B2D-AFA873A4B149}.Debug|Any CPU.Build.0 = Debug|Any CPU
		{50550693-A3F6-4041-9B2D-AFA873A4B149}.Debug|x64.ActiveCfg = Debug|Any CPU
		{50550693-A3F6-4041-9B2D-AFA873A4B149}.Debug|x64.Build.0 = Debug|Any CPU
		{50550693-A3F6-4041-9B2D-AFA873A4B149}.Debug|x86.ActiveCfg = Debug|Any CPU
		{50550693-A3F6-4041-9B2D-AFA873A4B149}.Debug|x86.Build.0 = Debug|Any CPU
		{50550693-A3F6-4041-9B2D-AFA873A4B149}.Release|Any CPU.ActiveCfg = Release|Any CPU
		{50550693-A3F6-4041-9B2D-AFA873A4B149}.Release|Any CPU.Build.0 = Release|Any CPU
		{50550693-A3F6-4041-9B2D-AFA873A4B149}.Release|x64.ActiveCfg = Release|Any CPU
		{50550693-A3F6-4041-9B2D-AFA873A4B149}.Release|x64.Build.0 = Release|Any CPU
		{50550693-A3F6-4041-9B2D-AFA873A4B149}.Release|x86.ActiveCfg = Release|Any CPU
		{50550693-A3F6-4041-9B2D-AFA873A4B149}.Release|x86.Build.0 = Release|Any CPU
	EndGlobalSection
	GlobalSection(SolutionProperties) = preSolution
		HideSolutionNode = FALSE
	EndGlobalSection
	GlobalSection(ExtensibilityGlobals) = postSolution
		SolutionGuid = {259807D9-29BF-434A-A1E1-09C892C3D9F4}
	EndGlobalSection
EndGlobal